Microsoft Visual Studio Solution File, Format Version 12.00
# Visual Studio Version 16
VisualStudioVersion = 16.0.29926.136
MinimumVisualStudioVersion = 15.0.26124.0
Project("{9A19103F-16F7-4668-BE54-9A1E7A4F7556}") = "BlankCore", "BlankCore\BlankCore.csproj", "{DA5B3250-21A7-4AA5-B1A9-1F77AEF79744}"
EndProject
Global
	GlobalSection(SolutionConfigurationPlatforms) = preSolution
		Debug|Any CPU = Debug|Any CPU
		Debug|x64 = Debug|x64
		Debug|x86 = Debug|x86
		Release|Any CPU = Release|Any CPU
		Release|x64 = Release|x64
		Release|x86 = Release|x86
	EndGlobalSection
	GlobalSection(ProjectConfigurationPlatforms) = postSolution
		{DA5B3250-21A7-4AA5-B1A9-1F77AEF79744}.Debug|Any CPU.ActiveCfg = Debug|Any CPU
		{DA5B3250-21A7-4AA5-B1A9-1F77AEF79744}.Debug|Any CPU.Build.0 = Debug|Any CPU
		{DA5B3250-21A7-4AA5-B1A9-1F77AEF79744}.Debug|x64.ActiveCfg = Debug|Any CPU
		{DA5B3250-21A7-4AA5-B1A9-1F77AEF79744}.Debug|x64.Build.0 = Debug|Any CPU
		{DA5B3250-21A7-4AA5-B1A9-1F77AEF79744}.Debug|x86.ActiveCfg = Debug|Any CPU
		{DA5B3250-21A7-4AA5-B1A9-1F77AEF79744}.Debug|x86.Build.0 = Debug|Any CPU
		{DA5B3250-21A7-4AA5-B1A9-1F77AEF79744}.Release|Any CPU.ActiveCfg = Release|Any CPU
		{DA5B3250-21A7-4AA5-B1A9-1F77AEF79744}.Release|Any CPU.Build.0 = Release|Any CPU
		{DA5B3250-21A7-4AA5-B1A9-1F77AEF79744}.Release|x64.ActiveCfg = Release|Any CPU
		{DA5B3250-21A7-4AA5-B1A9-1F77AEF79744}.Release|x64.Build.0 = Release|Any CPU
		{DA5B3250-21A7-4AA5-B1A9-1F77AEF79744}.Release|x86.ActiveCfg = Release|Any CPU
		{DA5B3250-21A7-4AA5-B1A9-1F77AEF79744}.Release|x86.Build.0 = Release|Any CPU
	EndGlobalSection
	GlobalSection(SolutionProperties) = preSolution
		HideSolutionNode = FALSE
	EndGlobalSection
	GlobalSection(ExtensibilityGlobals) = postSolution
		SolutionGuid = {3D3337CC-A206-4B35-BFDA-975CD5A08FD2}
	EndGlobalSection
EndGlobal
